
Microsoft Visual Studio Solution File, Format Version 12.00
# Visual Studio Version 16
VisualStudioVersion = 16.0.30114.105
MinimumVisualStudioVersion = 10.0.40219.1
Project("{2150E333-8FDC-42A3-9474-1A3956D46DE8}") = "src", "src", "{50D10333-3287-4078-82BB-9B8F9CF72287}"
EndProject
Project("{FAE04EC0-301F-11D3-BF4B-00C04F79EFBC}") = "APIproj", "src\APIproj\APIproj.csproj", "{EE7019D8-DAE9-43C0-9E75-52D6BB22E2E2}"
EndProject
Project("{2150E333-8FDC-42A3-9474-1A3956D46DE8}") = "test", "test", "{3E38FD7D-A004-4A4E-8845-7C593334CEB4}"
EndProject
Project("{FAE04EC0-301F-11D3-BF4B-00C04F79EFBC}") = "APIproj.Test", "test\APIproj.test\APIproj.Test.csproj", "{1A378DFE-F5C1-4BF2-B5B6-870EBF6F68E0}"
EndProject
Global
	GlobalSection(SolutionConfigurationPlatforms) = preSolution
		Debug|Any CPU = Debug|Any CPU
		Release|Any CPU = Release|Any CPU
	EndGlobalSection
	GlobalSection(SolutionProperties) = preSolution
		HideSolutionNode = FALSE
	EndGlobalSection
	GlobalSection(ProjectConfigurationPlatforms) = postSolution
		{EE7019D8-DAE9-43C0-9E75-52D6BB22E2E2}.Debug|Any CPU.ActiveCfg = Debug|Any CPU
		{EE7019D8-DAE9-43C0-9E75-52D6BB22E2E2}.Debug|Any CPU.Build.0 = Debug|Any CPU
		{EE7019D8-DAE9-43C0-9E75-52D6BB22E2E2}.Release|Any CPU.ActiveCfg = Release|Any CPU
		{EE7019D8-DAE9-43C0-9E75-52D6BB22E2E2}.Release|Any CPU.Build.0 = Release|Any CPU
		{1A378DFE-F5C1-4BF2-B5B6-870EBF6F68E0}.Debug|Any CPU.ActiveCfg = Debug|Any CPU
		{1A378DFE-F5C1-4BF2-B5B6-870EBF6F68E0}.Debug|Any CPU.Build.0 = Debug|Any CPU
		{1A378DFE-F5C1-4BF2-B5B6-870EBF6F68E0}.Release|Any CPU.ActiveCfg = Release|Any CPU
		{1A378DFE-F5C1-4BF2-B5B6-870EBF6F68E0}.Release|Any CPU.Build.0 = Release|Any CPU
	EndGlobalSection
	GlobalSection(NestedProjects) = preSolution
		{EE7019D8-DAE9-43C0-9E75-52D6BB22E2E2} = {50D10333-3287-4078-82BB-9B8F9CF72287}
		{1A378DFE-F5C1-4BF2-B5B6-870EBF6F68E0} = {3E38FD7D-A004-4A4E-8845-7C593334CEB4}
	EndGlobalSection
EndGlobal
